github.com/mediocregopher/radix.v2 v0.0.0-20181115013041-b67df6e626f9/go.mod h1:fLRUbhbSd5Px2yKUaGYYPltlyxi1guJz1vCmo1RQL50=
github.com/moov-io/iso8583 v0.21.2 h1:FHHbFXFOfEK9yA8siupnmUei77ZNB/74o4NsANu9me8=
github.com/moov-io/iso8583 v0.21.2/go.mod h1:DePfPe8TCTrSUETPpMq1LQdfSuFj4qxZPkYyb9/cS7I=
github.com/yerden/go-util v1.1.4 h1:jd8JyjLHzpEs1ZZQzDkfRgosDtXp/BtIAV1kpNjVTtw=
github.com/yerden/go-util v1.1.4/go.mod h1:3HeLrvtkEeAv67ARostM9Yn0DcAVqgJ3uAiCuywEEXk=
golang.org/x/sys v0.0.0-20190913121621-c3b328c6e5a7/go.mod h1:h1NjWce9XRLGQEsW7wpKNCjG9DtNlClVuFLEZdDNbEs=
golang.org/x/text v0.14.0 h1:ScX5w1eTa3QqT8oi6+ziP7dTV1S2+ALU0bI+0zXKWiQ=
golang.org/x/text v0.14.0/go.mod h1:18ZOQIKpY8NJVqYksKHtTdi31H5itFRjB5/qKTNYzSU=
